
Microsoft Visual Studio Solution File, Format Version 12.00
# Visual Studio 15
VisualStudioVersion = 15.0.28010.2048
MinimumVisualStudioVersion = 10.0.40219.1
Project("{FAE04EC0-301F-11D3-BF4B-00C04F79EFBC}") = "Edit 61850 Includes", "Edit 61850 Includes\Edit 61850 Includes.csproj", "{DE01BF0B-9EB0-4451-B44F-C2AA3C907303}"
EndProject
Global
	GlobalSection(SolutionConfigurationPlatforms) = preSolution
		Debug|Any CPU = Debug|Any CPU
		Release|Any CPU = Release|Any CPU
	EndGlobalSection
	GlobalSection(ProjectConfigurationPlatforms) = postSolution
		{DE01BF0B-9EB0-4451-B44F-C2AA3C907303}.Debug|Any CPU.ActiveCfg = Debug|Any CPU
		{DE01BF0B-9EB0-4451-B44F-C2AA3C907303}.Debug|Any CPU.Build.0 = Debug|Any CPU
		{DE01BF0B-9EB0-4451-B44F-C2AA3C907303}.Release|Any CPU.ActiveCfg = Release|Any CPU
		{DE01BF0B-9EB0-4451-B44F-C2AA3C907303}.Release|Any CPU.Build.0 = Release|Any CPU
	EndGlobalSection
	GlobalSection(SolutionProperties) = preSolution
		HideSolutionNode = FALSE
	EndGlobalSection
	GlobalSection(ExtensibilityGlobals) = postSolution
		SolutionGuid = {BA5DBD81-BEB9-454A-A9DD-7608616E06D0}
	EndGlobalSection
EndGlobal
